
Microsoft Visual Studio Solution File, Format Version 12.00
# Visual Studio Version 16
VisualStudioVersion = 16.0.29926.136
MinimumVisualStudioVersion = 10.0.40219.1
Project("{FAE04EC0-301F-11D3-BF4B-00C04F79EFBC}") = "Logistics.PDFService", "Logistics.PDFService\Logistics.PDFService.csproj", "{06215BA3-8C91-4EA5-8D32-8A19964AA100}"
EndProject
Global
	GlobalSection(SolutionConfigurationPlatforms) = preSolution
		Debug|Any CPU = Debug|Any CPU
		Release|Any CPU = Release|Any CPU
	EndGlobalSection
	GlobalSection(ProjectConfigurationPlatforms) = postSolution
		{06215BA3-8C91-4EA5-8D32-8A19964AA100}.Debug|Any CPU.ActiveCfg = Debug|Any CPU
		{06215BA3-8C91-4EA5-8D32-8A19964AA100}.Debug|Any CPU.Build.0 = Debug|Any CPU
		{06215BA3-8C91-4EA5-8D32-8A19964AA100}.Release|Any CPU.ActiveCfg = Release|Any CPU
		{06215BA3-8C91-4EA5-8D32-8A19964AA100}.Release|Any CPU.Build.0 = Release|Any CPU
	EndGlobalSection
	GlobalSection(SolutionProperties) = preSolution
		HideSolutionNode = FALSE
	EndGlobalSection
	GlobalSection(ExtensibilityGlobals) = postSolution
		SolutionGuid = {8C6D5470-91FF-4D17-8371-D28AB2327312}
	EndGlobalSection
EndGlobal
